
Microsoft Visual Studio Solution File, Format Version 12.00
# Visual Studio Version 17
VisualStudioVersion = 17.0.31912.275
MinimumVisualStudioVersion = 10.0.40219.1
Project("{9A19103F-16F7-4668-BE54-9A1E7A4F7556}") = "BlazorComponents", "BlazorComponents\BlazorComponents.csproj", "{E322F311-B465-4D3A-8B93-B741359C26EB}"
EndProject
Project("{FAE04EC0-301F-11D3-BF4B-00C04F79EFBC}") = "AngularAdapterBuild", "AngularAdapterBuild\AngularAdapterBuild.csproj", "{18FC82C9-942C-4484-87BE-D7D8593BBB3E}"
EndProject
Global
	GlobalSection(SolutionConfigurationPlatforms) = preSolution
		Debug|Any CPU = Debug|Any CPU
		Release|Any CPU = Release|Any CPU
	EndGlobalSection
	GlobalSection(ProjectConfigurationPlatforms) = postSolution
		{E322F311-B465-4D3A-8B93-B741359C26EB}.Debug|Any CPU.ActiveCfg = Debug|Any CPU
		{E322F311-B465-4D3A-8B93-B741359C26EB}.Debug|Any CPU.Build.0 = Debug|Any CPU
		{E322F311-B465-4D3A-8B93-B741359C26EB}.Release|Any CPU.ActiveCfg = Release|Any CPU
		{E322F311-B465-4D3A-8B93-B741359C26EB}.Release|Any CPU.Build.0 = Release|Any CPU
		{18FC82C9-942C-4484-87BE-D7D8593BBB3E}.Debug|Any CPU.ActiveCfg = Debug|Any CPU
		{18FC82C9-942C-4484-87BE-D7D8593BBB3E}.Debug|Any CPU.Build.0 = Debug|Any CPU
		{18FC82C9-942C-4484-87BE-D7D8593BBB3E}.Release|Any CPU.ActiveCfg = Release|Any CPU
		{18FC82C9-942C-4484-87BE-D7D8593BBB3E}.Release|Any CPU.Build.0 = Release|Any CPU
	EndGlobalSection
	GlobalSection(SolutionProperties) = preSolution
		HideSolutionNode = FALSE
	EndGlobalSection
	GlobalSection(ExtensibilityGlobals) = postSolution
		SolutionGuid = {29244499-C949-4CE4-9BAA-BEE9B3774BA6}
	EndGlobalSection
EndGlobal
