
Microsoft Visual Studio Solution File, Format Version 12.00
# Visual Studio Version 17
VisualStudioVersion = 17.7.34024.191
MinimumVisualStudioVersion = 10.0.40219.1
Project("{9A19103F-16F7-4668-BE54-9A1E7A4F7556}") = "BlazorComponents", "BlazorComponents.csproj", "{728FF39C-1BDD-4452-8817-4749D8AE161D}"
EndProject
Global
	GlobalSection(SolutionConfigurationPlatforms) = preSolution
		Debug|Any CPU = Debug|Any CPU
		Release|Any CPU = Release|Any CPU
	EndGlobalSection
	GlobalSection(ProjectConfigurationPlatforms) = postSolution
		{728FF39C-1BDD-4452-8817-4749D8AE161D}.Debug|Any CPU.ActiveCfg = Debug|Any CPU
		{728FF39C-1BDD-4452-8817-4749D8AE161D}.Debug|Any CPU.Build.0 = Debug|Any CPU
		{728FF39C-1BDD-4452-8817-4749D8AE161D}.Release|Any CPU.ActiveCfg = Release|Any CPU
		{728FF39C-1BDD-4452-8817-4749D8AE161D}.Release|Any CPU.Build.0 = Release|Any CPU
	EndGlobalSection
	GlobalSection(SolutionProperties) = preSolution
		HideSolutionNode = FALSE
	EndGlobalSection
	GlobalSection(ExtensibilityGlobals) = postSolution
		SolutionGuid = {8F81BB49-FAC9-4A91-8EAE-FE91351AA323}
	EndGlobalSection
EndGlobal
